<?xml version="1.0" encoding="utf-8"?>
<Project ToolsVersion="4.0" xmlns="http://schemas.microsoft.com/developer/msbuild/2003">
  <ItemGroup>
    <ClCompile Include="src\main.c" />
    <ClCompile Include="src\startup_ewarm.c" />
    <ClCompile Include="src\tasks\cmd_dispatch.c">
      <Filter>tasks</Filter>
    </ClCompile>
    <ClCompile Include="src\tasks\compute.c">
      <Filter>tasks</Filter>
    </ClCompile>
    <ClCompile Include="src\tasks\computeEKG.c">
      <Filter>tasks</Filter>
    </ClCompile>
    <ClCompile Include="src\tasks\controller.c">
      <Filter>tasks</Filter>
    </ClCompile>
    <ClCompile Include="src\tasks\display.c">
      <Filter>tasks</Filter>
    </ClCompile>
    <ClCompile Include="src\utils\lcd_print.c">
      <Filter>utils</Filter>
    </ClCompile>
    <ClCompile Include="src\utils\led_control.c">
      <Filter>utils</Filter>
    </ClCompile>
    <ClCompile Include="src\tasks\key_scan.c">
      <Filter>tasks</Filter>
    </ClCompile>
    <ClCompile Include="src\tasks\ipconn.c">
      <Filter>tasks</Filter>
    </ClCompile>
    <ClCompile Include="src\tasks\measure.c">
      <Filter>tasks</Filter>
    </ClCompile>
    <ClCompile Include="src\tasks\measureEKG.c">
      <Filter>tasks</Filter>
    </ClCompile>
    <ClCompile Include="src\utils\optfft.c">
      <Filter>utils</Filter>
    </ClCompile>
    <ClCompile Include="src\utils\pulse_transducer.c">
      <Filter>utils</Filter>
    </ClCompile>
    <ClCompile Include="src\utils\speaker_control.c">
      <Filter>utils</Filter>
    </ClCompile>
    <ClCompile Include="src\utils\tables.c">
      <Filter>utils</Filter>
    </ClCompile>
    <ClCompile Include="src\utils\sockcmdline.c">
      <Filter>utils</Filter>
    </ClCompile>
    <ClCompile Include="src\tasks\serial_comms.c">
      <Filter>tasks</Filter>
    </ClCompile>
    <ClCompile Include="src\tasks\status.c">
      <Filter>tasks</Filter>
    </ClCompile>
    <ClCompile Include="src\utils\float_print.c">
      <Filter>utils</Filter>
    </ClCompile>
    <ClCompile Include="src\tasks\init.c">
      <Filter>tasks</Filter>
    </ClCompile>
    <ClCompile Include="src\utils\hardware_timer.c">
      <Filter>utils</Filter>
    </ClCompile>
    <ClCompile Include="src\windows_port.c" />
    <ClCompile Include="src\hardware_port.c" />
    <ClCompile Include="src\utils\ustdlib.c">
      <Filter>utils</Filter>
    </ClCompile>
    <ClCompile Include="src\tasks\alarms_warnings.c">
      <Filter>tasks</Filter>
    </ClCompile>
    <ClCompile Include="src\webserver\FreeRTOS_HTTP_server.c">
      <Filter>webserver</Filter>
    </ClCompile>
    <ClCompile Include="src\webserver\FreeRTOS_TCP_server.c">
      <Filter>webserver</Filter>
    </ClCompile>
    <ClCompile Include="src\utils\cmd_parser.c">
      <Filter>utils</Filter>
    </ClCompile>
    <ClCompile Include="src\utils\pressure_cuff.c">
      <Filter>utils</Filter>
    </ClCompile>
  </ItemGroup>
  <ItemGroup>
    <ClInclude Include="include\FreeRTOSConfig.h" />
    <ClInclude Include="include\FreeRTOSIPConfig.h" />
    <ClInclude Include="include\utils\float_print.h">
      <Filter>includes\utils</Filter>
    </ClInclude>
    <ClInclude Include="include\utils\hardware_timer.h">
      <Filter>includes\utils</Filter>
    </ClInclude>
    <ClInclude Include="include\utils\led_control.h">
      <Filter>includes\utils</Filter>
    </ClInclude>
    <ClInclude Include="include\utils\optfft.h">
      <Filter>includes\utils</Filter>
    </ClInclude>
    <ClInclude Include="include\ranges.h">
      <Filter>includes</Filter>
    </ClInclude>
    <ClInclude Include="include\utils\pulse_transducer.h">
      <Filter>includes\utils</Filter>
    </ClInclude>
    <ClInclude Include="include\utils\sockcmdline.h">
      <Filter>includes\utils</Filter>
    </ClInclude>
    <ClInclude Include="include\utils\lcd_print.h">
      <Filter>includes\utils</Filter>
    </ClInclude>
    <ClInclude Include="include\utils\speaker_control.h">
      <Filter>includes\utils</Filter>
    </ClInclude>
    <ClInclude Include="include\tasks\system.h">
      <Filter>includes\tasks</Filter>
    </ClInclude>
    <ClInclude Include="include\tasks\commands.h">
      <Filter>includes\tasks</Filter>
    </ClInclude>
    <ClInclude Include="include\server\FreeRTOS_server_private.h">
      <Filter>includes\webserver</Filter>
    </ClInclude>
    <ClInclude Include="include\server\FreeRTOS_TCP_server.h">
      <Filter>includes\webserver</Filter>
    </ClInclude>
    <ClInclude Include="include\server\webpage_data.c">
      <Filter>webserver</Filter>
    </ClInclude>
    <ClInclude Include="include\drivers\pressure_cuff.h" />
    <ClInclude Include="include\drivers\pulse_transducer.h" />
    <ClInclude Include="include\server\server.h">
      <Filter>includes\tasks</Filter>
    </ClInclude>
  </ItemGroup>
  <ItemGroup>
    <Filter Include="tasks">
      <UniqueIdentifier>{82f59610-3f41-4fe6-89fa-11141eef68b3}</UniqueIdentifier>
    </Filter>
    <Filter Include="includes">
      <UniqueIdentifier>{b4e0d3f7-2b3b-42e8-bb75-b2313abcfc1b}</UniqueIdentifier>
      <Extensions>*.h</Extensions>
    </Filter>
    <Filter Include="includes\utils">
      <UniqueIdentifier>{00f61416-5cd7-420f-b25e-99baa2bd2178}</UniqueIdentifier>
    </Filter>
    <Filter Include="utils">
      <UniqueIdentifier>{1bc923d6-d04b-4881-95ef-36d81efe6f4e}</UniqueIdentifier>
    </Filter>
    <Filter Include="includes\tasks">
      <UniqueIdentifier>{6e050bd0-f697-487a-bd27-1945f27dc709}</UniqueIdentifier>
    </Filter>
    <Filter Include="webserver">
      <UniqueIdentifier>{d00783e6-0533-4518-ab4e-b2cd1418a94f}</UniqueIdentifier>
    </Filter>
    <Filter Include="includes\webserver">
      <UniqueIdentifier>{fcd3ae6a-0994-47e0-bacd-0f6af9744097}</UniqueIdentifier>
    </Filter>
  </ItemGroup>
</Project>