<?xml version="1.0" encoding="utf-8"?>
<Project ToolsVersion="4.0" xmlns="http://schemas.microsoft.com/developer/msbuild/2003">
  <ItemGroup>
    <ClCompile Include="src\main.c" />
    <ClCompile Include="src\startup_ewarm.c" />
    <ClCompile Include="src\tasks\cmd_dispatch.c">
      <Filter>tasks</Filter>
    </ClCompile>
    <ClCompile Include="src\tasks\compute.c">
      <Filter>tasks</Filter>
    </ClCompile>
    <ClCompile Include="src\tasks\computeEKG.c">
      <Filter>tasks</Filter>
    </ClCompile>
    <ClCompile Include="src\tasks\controller.c">
      <Filter>tasks</Filter>
    </ClCompile>
    <ClCompile Include="src\tasks\display.c">
      <Filter>tasks</Filter>
    </ClCompile>
    <ClCompile Include="src\tasks\enunciate.c">
      <Filter>tasks</Filter>
    </ClCompile>
    <ClCompile Include="src\utils\lcd_print.c">
      <Filter>utils</Filter>
    </ClCompile>
    <ClCompile Include="src\utils\led_control.c">
      <Filter>utils</Filter>
    </ClCompile>
    <ClCompile Include="src\utils\hardware_timer.c">
      <Filter>utils</Filter>
    </ClCompile>
    <ClCompile Include="src\tasks\key_scan.c">
      <Filter>tasks</Filter>
    </ClCompile>
    <ClCompile Include="src\tasks\ipconn.c">
      <Filter>tasks</Filter>
    </ClCompile>
    <ClCompile Include="src\tasks\measure.c">
      <Filter>tasks</Filter>
    </ClCompile>
    <ClCompile Include="src\tasks\measureEKG.c">
      <Filter>tasks</Filter>
    </ClCompile>
    <ClCompile Include="src\utils\optfft.c">
      <Filter>utils</Filter>
    </ClCompile>
    <ClCompile Include="src\utils\pulse_transducer.c">
      <Filter>utils</Filter>
    </ClCompile>
    <ClCompile Include="src\utils\speaker_control.c">
      <Filter>utils</Filter>
    </ClCompile>
    <ClCompile Include="..\common\include\driverlib\cpu.c">
      <Filter>deps\driverlib</Filter>
    </ClCompile>
    <ClCompile Include="..\common\include\driverlib\eeprom.c">
      <Filter>deps\driverlib</Filter>
    </ClCompile>
    <ClCompile Include="..\common\include\driverlib\epi.c">
      <Filter>deps\driverlib</Filter>
    </ClCompile>
    <ClCompile Include="..\common\include\driverlib\ethernet.c">
      <Filter>deps\driverlib</Filter>
    </ClCompile>
    <ClCompile Include="..\common\include\driverlib\fan.c">
      <Filter>deps\driverlib</Filter>
    </ClCompile>
    <ClCompile Include="..\common\include\driverlib\flash.c">
      <Filter>deps\driverlib</Filter>
    </ClCompile>
    <ClCompile Include="..\common\include\driverlib\fpu.c">
      <Filter>deps\driverlib</Filter>
    </ClCompile>
    <ClCompile Include="..\common\include\driverlib\gpio.c">
      <Filter>deps\driverlib</Filter>
    </ClCompile>
    <ClCompile Include="..\common\include\driverlib\hibernate.c">
      <Filter>deps\driverlib</Filter>
    </ClCompile>
    <ClCompile Include="..\common\include\driverlib\i2c.c">
      <Filter>deps\driverlib</Filter>
    </ClCompile>
    <ClCompile Include="..\common\include\driverlib\i2s.c">
      <Filter>deps\driverlib</Filter>
    </ClCompile>
    <ClCompile Include="..\common\include\driverlib\interrupt.c">
      <Filter>deps\driverlib</Filter>
    </ClCompile>
    <ClCompile Include="..\common\include\driverlib\lpc.c">
      <Filter>deps\driverlib</Filter>
    </ClCompile>
    <ClCompile Include="..\common\include\driverlib\mpu.c">
      <Filter>deps\driverlib</Filter>
    </ClCompile>
    <ClCompile Include="..\common\include\driverlib\peci.c">
      <Filter>deps\driverlib</Filter>
    </ClCompile>
    <ClCompile Include="..\common\include\driverlib\pwm.c">
      <Filter>deps\driverlib</Filter>
    </ClCompile>
    <ClCompile Include="..\common\include\driverlib\qei.c">
      <Filter>deps\driverlib</Filter>
    </ClCompile>
    <ClCompile Include="..\common\include\driverlib\rit128x96x4.c">
      <Filter>deps\driverlib</Filter>
    </ClCompile>
    <ClCompile Include="..\common\include\driverlib\ssi.c">
      <Filter>deps\driverlib</Filter>
    </ClCompile>
    <ClCompile Include="..\common\include\driverlib\sysctl.c">
      <Filter>deps\driverlib</Filter>
    </ClCompile>
    <ClCompile Include="..\common\include\driverlib\sysexc.c">
      <Filter>deps\driverlib</Filter>
    </ClCompile>
    <ClCompile Include="..\common\include\driverlib\systick.c">
      <Filter>deps\driverlib</Filter>
    </ClCompile>
    <ClCompile Include="..\common\include\driverlib\timer.c">
      <Filter>deps\driverlib</Filter>
    </ClCompile>
    <ClCompile Include="..\common\include\driverlib\uart.c">
      <Filter>deps\driverlib</Filter>
    </ClCompile>
    <ClCompile Include="..\common\include\driverlib\udma.c">
      <Filter>deps\driverlib</Filter>
    </ClCompile>
    <ClCompile Include="..\common\include\driverlib\usb.c">
      <Filter>deps\driverlib</Filter>
    </ClCompile>
    <ClCompile Include="..\common\include\driverlib\watchdog.c">
      <Filter>deps\driverlib</Filter>
    </ClCompile>
    <ClCompile Include="..\common\include\driverlib\adc.c">
      <Filter>deps\driverlib</Filter>
    </ClCompile>
    <ClCompile Include="..\common\include\driverlib\can.c">
      <Filter>deps\driverlib</Filter>
    </ClCompile>
    <ClCompile Include="..\common\include\driverlib\comp.c">
      <Filter>deps\driverlib</Filter>
    </ClCompile>
    <ClCompile Include="..\common\include\utils\softuart.c">
      <Filter>deps\sysutils</Filter>
    </ClCompile>
    <ClCompile Include="..\common\include\utils\swupdate.c">
      <Filter>deps\sysutils</Filter>
    </ClCompile>
    <ClCompile Include="..\common\include\utils\tftp.c">
      <Filter>deps\sysutils</Filter>
    </ClCompile>
    <ClCompile Include="..\common\include\utils\uartstdio.c">
      <Filter>deps\sysutils</Filter>
    </ClCompile>
    <ClCompile Include="..\common\include\utils\ustdlib.c">
      <Filter>deps\sysutils</Filter>
    </ClCompile>
    <ClCompile Include="..\common\include\utils\cmdline.c">
      <Filter>deps\sysutils</Filter>
    </ClCompile>
    <ClCompile Include="..\common\include\utils\cpu_usage.c">
      <Filter>deps\sysutils</Filter>
    </ClCompile>
    <ClCompile Include="..\common\include\utils\crc.c">
      <Filter>deps\sysutils</Filter>
    </ClCompile>
    <ClCompile Include="..\common\include\utils\flash_pb.c">
      <Filter>deps\sysutils</Filter>
    </ClCompile>
    <ClCompile Include="..\common\include\utils\fswrapper.c">
      <Filter>deps\sysutils</Filter>
    </ClCompile>
    <ClCompile Include="..\common\include\utils\isqrt.c">
      <Filter>deps\sysutils</Filter>
    </ClCompile>
    <ClCompile Include="..\common\include\utils\locator.c">
      <Filter>deps\sysutils</Filter>
    </ClCompile>
    <ClCompile Include="..\common\include\utils\lwiplib.c">
      <Filter>deps\sysutils</Filter>
    </ClCompile>
    <ClCompile Include="..\common\include\utils\ptpdlib.c">
      <Filter>deps\sysutils</Filter>
    </ClCompile>
    <ClCompile Include="..\common\include\utils\ringbuf.c">
      <Filter>deps\sysutils</Filter>
    </ClCompile>
    <ClCompile Include="..\common\include\utils\scheduler.c">
      <Filter>deps\sysutils</Filter>
    </ClCompile>
    <ClCompile Include="..\common\include\utils\sine.c">
      <Filter>deps\sysutils</Filter>
    </ClCompile>
    <ClCompile Include="..\common\include\utils\softi2c.c">
      <Filter>deps\sysutils</Filter>
    </ClCompile>
    <ClCompile Include="..\common\include\utils\softssi.c">
      <Filter>deps\sysutils</Filter>
    </ClCompile>
    <ClCompile Include="src\utils\RTOSIPTrace.c">
      <Filter>deps</Filter>
    </ClCompile>
    <ClCompile Include="..\common\FreeRTOS\Source\list.c">
      <Filter>deps\FreeRTOS</Filter>
    </ClCompile>
    <ClCompile Include="..\common\FreeRTOS\Source\queue.c">
      <Filter>deps\FreeRTOS</Filter>
    </ClCompile>
    <ClCompile Include="..\common\FreeRTOS\Source\tasks.c">
      <Filter>deps\FreeRTOS</Filter>
    </ClCompile>
    <ClCompile Include="..\common\FreeRTOS\Source\timers.c">
      <Filter>deps\FreeRTOS</Filter>
    </ClCompile>
    <ClCompile Include="..\common\FreeRTOS\Source\croutine.c">
      <Filter>deps\FreeRTOS</Filter>
    </ClCompile>
    <ClCompile Include="..\common\FreeRTOS\Source\event_groups.c">
      <Filter>deps\FreeRTOS</Filter>
    </ClCompile>
    <ClCompile Include="..\common\FreeRTOS-Plus\Source\FreeRTOS-Plus-TCP\FreeRTOS_Sockets.c">
      <Filter>deps\FreeRTOS-TCP</Filter>
    </ClCompile>
    <ClCompile Include="..\common\FreeRTOS-Plus\Source\FreeRTOS-Plus-TCP\FreeRTOS_Stream_Buffer.c">
      <Filter>deps\FreeRTOS-TCP</Filter>
    </ClCompile>
    <ClCompile Include="..\common\FreeRTOS-Plus\Source\FreeRTOS-Plus-TCP\FreeRTOS_TCP_IP.c">
      <Filter>deps\FreeRTOS-TCP</Filter>
    </ClCompile>
    <ClCompile Include="..\common\FreeRTOS-Plus\Source\FreeRTOS-Plus-TCP\FreeRTOS_TCP_WIN.c">
      <Filter>deps\FreeRTOS-TCP</Filter>
    </ClCompile>
    <ClCompile Include="..\common\FreeRTOS-Plus\Source\FreeRTOS-Plus-TCP\FreeRTOS_UDP_IP.c">
      <Filter>deps\FreeRTOS-TCP</Filter>
    </ClCompile>
    <ClCompile Include="..\common\FreeRTOS-Plus\Source\FreeRTOS-Plus-TCP\FreeRTOS_ARP.c">
      <Filter>deps\FreeRTOS-TCP</Filter>
    </ClCompile>
    <ClCompile Include="..\common\FreeRTOS-Plus\Source\FreeRTOS-Plus-TCP\FreeRTOS_DHCP.c">
      <Filter>deps\FreeRTOS-TCP</Filter>
    </ClCompile>
    <ClCompile Include="..\common\FreeRTOS-Plus\Source\FreeRTOS-Plus-TCP\FreeRTOS_DNS.c">
      <Filter>deps\FreeRTOS-TCP</Filter>
    </ClCompile>
    <ClCompile Include="..\common\FreeRTOS-Plus\Source\FreeRTOS-Plus-TCP\FreeRTOS_IP.c">
      <Filter>deps\FreeRTOS-TCP</Filter>
    </ClCompile>
    <ClCompile Include="src\utils\tables.c">
      <Filter>utils</Filter>
    </ClCompile>
    <ClCompile Include="src\utils\sockcmdline.c">
      <Filter>utils</Filter>
    </ClCompile>
    <ClCompile Include="src\tasks\serial_comms.c">
      <Filter>tasks</Filter>
    </ClCompile>
    <ClCompile Include="src\tasks\status.c">
      <Filter>tasks</Filter>
    </ClCompile>
    <ClCompile Include="src\utils\float_print.c">
      <Filter>utils</Filter>
    </ClCompile>
    <ClCompile Include="src\tasks\init.c">
      <Filter>tasks</Filter>
    </ClCompile>
    <ClCompile Include="..\common\FreeRTOS\Source\portable\MSVC-MingW\port.c">
      <Filter>deps\FreeRTOS\portable</Filter>
    </ClCompile>
    <ClCompile Include="..\common\FreeRTOS\Source\portable\MemMang\heap_4.c">
      <Filter>deps\FreeRTOS\portable</Filter>
    </ClCompile>
    <ClCompile Include="..\common\FreeRTOS-Plus\Source\FreeRTOS-Plus-TCP\portable\BufferManagement\BufferAllocation_2.c">
      <Filter>deps\FreeRTOS-TCP\portable</Filter>
    </ClCompile>
    <ClCompile Include="..\common\FreeRTOS-Plus\Source\FreeRTOS-Plus-TCP\portable\NetworkInterface\WinPCap\NetworkInterface.c">
      <Filter>deps\FreeRTOS-TCP\portable</Filter>
    </ClCompile>
    <ClCompile Include="src\utils\RTOSDebugTraceWindows.c">
      <Filter>deps</Filter>
    </ClCompile>
  </ItemGroup>
  <ItemGroup>
    <ClInclude Include="include\FreeRTOSConfig.h" />
    <ClInclude Include="include\FreeRTOSIPConfig.h" />
    <ClInclude Include="include\utils\float_print.h">
      <Filter>includes\utils</Filter>
    </ClInclude>
    <ClInclude Include="include\utils\hardware_timer.h">
      <Filter>includes\utils</Filter>
    </ClInclude>
    <ClInclude Include="include\utils\led_control.h">
      <Filter>includes\utils</Filter>
    </ClInclude>
    <ClInclude Include="include\utils\optfft.h">
      <Filter>includes\utils</Filter>
    </ClInclude>
    <ClInclude Include="include\ranges.h">
      <Filter>includes</Filter>
    </ClInclude>
    <ClInclude Include="include\utils\pulse_transducer.h">
      <Filter>includes\utils</Filter>
    </ClInclude>
    <ClInclude Include="..\common\include\driverlib\adc.h">
      <Filter>deps\driverlib</Filter>
    </ClInclude>
    <ClInclude Include="..\common\include\driverlib\can.h">
      <Filter>deps\driverlib</Filter>
    </ClInclude>
    <ClInclude Include="..\common\include\driverlib\comp.h">
      <Filter>deps\driverlib</Filter>
    </ClInclude>
    <ClInclude Include="..\common\include\driverlib\cpu.h">
      <Filter>deps\driverlib</Filter>
    </ClInclude>
    <ClInclude Include="..\common\include\driverlib\debug.h">
      <Filter>deps\driverlib</Filter>
    </ClInclude>
    <ClInclude Include="..\common\include\driverlib\eeprom.h">
      <Filter>deps\driverlib</Filter>
    </ClInclude>
    <ClInclude Include="..\common\include\driverlib\epi.h">
      <Filter>deps\driverlib</Filter>
    </ClInclude>
    <ClInclude Include="..\common\include\driverlib\ethernet.h">
      <Filter>deps\driverlib</Filter>
    </ClInclude>
    <ClInclude Include="..\common\include\driverlib\fan.h">
      <Filter>deps\driverlib</Filter>
    </ClInclude>
    <ClInclude Include="..\common\include\driverlib\flash.h">
      <Filter>deps\driverlib</Filter>
    </ClInclude>
    <ClInclude Include="..\common\include\driverlib\fpu.h">
      <Filter>deps\driverlib</Filter>
    </ClInclude>
    <ClInclude Include="..\common\include\driverlib\gpio.h">
      <Filter>deps\driverlib</Filter>
    </ClInclude>
    <ClInclude Include="..\common\include\driverlib\hibernate.h">
      <Filter>deps\driverlib</Filter>
    </ClInclude>
    <ClInclude Include="..\common\include\driverlib\i2c.h">
      <Filter>deps\driverlib</Filter>
    </ClInclude>
    <ClInclude Include="..\common\include\driverlib\i2s.h">
      <Filter>deps\driverlib</Filter>
    </ClInclude>
    <ClInclude Include="..\common\include\driverlib\interrupt.h">
      <Filter>deps\driverlib</Filter>
    </ClInclude>
    <ClInclude Include="..\common\include\driverlib\lpc.h">
      <Filter>deps\driverlib</Filter>
    </ClInclude>
    <ClInclude Include="..\common\include\driverlib\mpu.h">
      <Filter>deps\driverlib</Filter>
    </ClInclude>
    <ClInclude Include="..\common\include\driverlib\peci.h">
      <Filter>deps\driverlib</Filter>
    </ClInclude>
    <ClInclude Include="..\common\include\driverlib\pin_map.h">
      <Filter>deps\driverlib</Filter>
    </ClInclude>
    <ClInclude Include="..\common\include\driverlib\pwm.h">
      <Filter>deps\driverlib</Filter>
    </ClInclude>
    <ClInclude Include="..\common\include\driverlib\qei.h">
      <Filter>deps\driverlib</Filter>
    </ClInclude>
    <ClInclude Include="..\common\include\driverlib\rit128x96x4.h">
      <Filter>deps\driverlib</Filter>
    </ClInclude>
    <ClInclude Include="..\common\include\driverlib\rom.h">
      <Filter>deps\driverlib</Filter>
    </ClInclude>
    <ClInclude Include="..\common\include\driverlib\rom_map.h">
      <Filter>deps\driverlib</Filter>
    </ClInclude>
    <ClInclude Include="..\common\include\driverlib\rtos_bindings.h">
      <Filter>deps\driverlib</Filter>
    </ClInclude>
    <ClInclude Include="..\common\include\driverlib\ssi.h">
      <Filter>deps\driverlib</Filter>
    </ClInclude>
    <ClInclude Include="..\common\include\driverlib\sysctl.h">
      <Filter>deps\driverlib</Filter>
    </ClInclude>
    <ClInclude Include="..\common\include\driverlib\sysexc.h">
      <Filter>deps\driverlib</Filter>
    </ClInclude>
    <ClInclude Include="..\common\include\driverlib\systick.h">
      <Filter>deps\driverlib</Filter>
    </ClInclude>
    <ClInclude Include="..\common\include\driverlib\timer.h">
      <Filter>deps\driverlib</Filter>
    </ClInclude>
    <ClInclude Include="..\common\include\driverlib\uart.h">
      <Filter>deps\driverlib</Filter>
    </ClInclude>
    <ClInclude Include="..\common\include\driverlib\udma.h">
      <Filter>deps\driverlib</Filter>
    </ClInclude>
    <ClInclude Include="..\common\include\driverlib\usb.h">
      <Filter>deps\driverlib</Filter>
    </ClInclude>
    <ClInclude Include="..\common\include\driverlib\watchdog.h">
      <Filter>deps\driverlib</Filter>
    </ClInclude>
    <ClInclude Include="..\common\include\utils\softssi.h">
      <Filter>deps\sysutils</Filter>
    </ClInclude>
    <ClInclude Include="..\common\include\utils\softuart.h">
      <Filter>deps\sysutils</Filter>
    </ClInclude>
    <ClInclude Include="..\common\include\utils\swupdate.h">
      <Filter>deps\sysutils</Filter>
    </ClInclude>
    <ClInclude Include="..\common\include\utils\tftp.h">
      <Filter>deps\sysutils</Filter>
    </ClInclude>
    <ClInclude Include="..\common\include\utils\uartstdio.h">
      <Filter>deps\sysutils</Filter>
    </ClInclude>
    <ClInclude Include="..\common\include\utils\ustdlib.h">
      <Filter>deps\sysutils</Filter>
    </ClInclude>
    <ClInclude Include="..\common\include\utils\cmdline.h">
      <Filter>deps\sysutils</Filter>
    </ClInclude>
    <ClInclude Include="..\common\include\utils\cpu_usage.h">
      <Filter>deps\sysutils</Filter>
    </ClInclude>
    <ClInclude Include="..\common\include\utils\crc.h">
      <Filter>deps\sysutils</Filter>
    </ClInclude>
    <ClInclude Include="..\common\include\utils\flash_pb.h">
      <Filter>deps\sysutils</Filter>
    </ClInclude>
    <ClInclude Include="..\common\include\utils\fswrapper.h">
      <Filter>deps\sysutils</Filter>
    </ClInclude>
    <ClInclude Include="..\common\include\utils\isqrt.h">
      <Filter>deps\sysutils</Filter>
    </ClInclude>
    <ClInclude Include="..\common\include\utils\locator.h">
      <Filter>deps\sysutils</Filter>
    </ClInclude>
    <ClInclude Include="..\common\include\utils\lwiplib.h">
      <Filter>deps\sysutils</Filter>
    </ClInclude>
    <ClInclude Include="..\common\include\utils\ptpdlib.h">
      <Filter>deps\sysutils</Filter>
    </ClInclude>
    <ClInclude Include="..\common\include\utils\ringbuf.h">
      <Filter>deps\sysutils</Filter>
    </ClInclude>
    <ClInclude Include="..\common\include\utils\scheduler.h">
      <Filter>deps\sysutils</Filter>
    </ClInclude>
    <ClInclude Include="..\common\include\utils\sine.h">
      <Filter>deps\sysutils</Filter>
    </ClInclude>
    <ClInclude Include="..\common\include\utils\softi2c.h">
      <Filter>deps\sysutils</Filter>
    </ClInclude>
    <ClInclude Include="include\RTOSDebugTrace.h">
      <Filter>deps</Filter>
    </ClInclude>
    <ClInclude Include="include\RTOSIPTrace.h">
      <Filter>deps</Filter>
    </ClInclude>
    <ClInclude Include="..\common\include\inc\c\arm_cmse.h">
      <Filter>deps\sysinc</Filter>
    </ClInclude>
    <ClInclude Include="..\common\include\inc\c\arm_interrupt.h">
      <Filter>deps\sysinc</Filter>
    </ClInclude>
    <ClInclude Include="..\common\include\inc\c\arm_itm.h">
      <Filter>deps\sysinc</Filter>
    </ClInclude>
    <ClInclude Include="..\common\include\inc\c\arm_neon.h">
      <Filter>deps\sysinc</Filter>
    </ClInclude>
    <ClInclude Include="..\common\include\inc\asmdefs.h">
      <Filter>deps\sysinc</Filter>
    </ClInclude>
    <ClInclude Include="..\common\include\inc\c\assert.h">
      <Filter>deps\sysinc</Filter>
    </ClInclude>
    <ClInclude Include="..\common\include\inc\c\cmsis_iar.h">
      <Filter>deps\sysinc</Filter>
    </ClInclude>
    <ClInclude Include="..\common\include\inc\c\complex.h">
      <Filter>deps\sysinc</Filter>
    </ClInclude>
    <ClInclude Include="..\common\include\inc\c\ctype.h">
      <Filter>deps\sysinc</Filter>
    </ClInclude>
    <ClInclude Include="..\common\include\inc\c\DLib_Config_Full.h">
      <Filter>deps\sysinc</Filter>
    </ClInclude>
    <ClInclude Include="..\common\include\inc\c\DLib_Config_Normal.h">
      <Filter>deps\sysinc</Filter>
    </ClInclude>
    <ClInclude Include="..\common\include\inc\c\DLib_Defaults.h">
      <Filter>deps\sysinc</Filter>
    </ClInclude>
    <ClInclude Include="..\common\include\inc\c\DLib_float_setup.h">
      <Filter>deps\sysinc</Filter>
    </ClInclude>
    <ClInclude Include="..\common\include\inc\c\DLib_Product.h">
      <Filter>deps\sysinc</Filter>
    </ClInclude>
    <ClInclude Include="..\common\include\inc\c\DLib_Product_fenv.h">
      <Filter>deps\sysinc</Filter>
    </ClInclude>
    <ClInclude Include="..\common\include\inc\c\DLib_Product_stdlib.h">
      <Filter>deps\sysinc</Filter>
    </ClInclude>
    <ClInclude Include="..\common\include\inc\c\DLib_Product_string.h">
      <Filter>deps\sysinc</Filter>
    </ClInclude>
    <ClInclude Include="..\common\include\inc\c\DLib_Threads.h">
      <Filter>deps\sysinc</Filter>
    </ClInclude>
    <ClInclude Include="..\common\include\inc\c\errno.h">
      <Filter>deps\sysinc</Filter>
    </ClInclude>
    <ClInclude Include="..\common\include\inc\c\fenv.h">
      <Filter>deps\sysinc</Filter>
    </ClInclude>
    <ClInclude Include="..\common\include\inc\c\float.h">
      <Filter>deps\sysinc</Filter>
    </ClInclude>
    <ClInclude Include="..\common\include\inc\hw_adc.h">
      <Filter>deps\sysinc</Filter>
    </ClInclude>
    <ClInclude Include="..\common\include\inc\hw_can.h">
      <Filter>deps\sysinc</Filter>
    </ClInclude>
    <ClInclude Include="..\common\include\inc\hw_comp.h">
      <Filter>deps\sysinc</Filter>
    </ClInclude>
    <ClInclude Include="..\common\include\inc\hw_eeprom.h">
      <Filter>deps\sysinc</Filter>
    </ClInclude>
    <ClInclude Include="..\common\include\inc\hw_epi.h">
      <Filter>deps\sysinc</Filter>
    </ClInclude>
    <ClInclude Include="..\common\include\inc\hw_ethernet.h">
      <Filter>deps\sysinc</Filter>
    </ClInclude>
    <ClInclude Include="..\common\include\inc\hw_fan.h">
      <Filter>deps\sysinc</Filter>
    </ClInclude>
    <ClInclude Include="..\common\include\inc\hw_flash.h">
      <Filter>deps\sysinc</Filter>
    </ClInclude>
    <ClInclude Include="..\common\include\inc\hw_gpio.h">
      <Filter>deps\sysinc</Filter>
    </ClInclude>
    <ClInclude Include="..\common\include\inc\hw_hibernate.h">
      <Filter>deps\sysinc</Filter>
    </ClInclude>
    <ClInclude Include="..\common\include\inc\hw_i2c.h">
      <Filter>deps\sysinc</Filter>
    </ClInclude>
    <ClInclude Include="..\common\include\inc\hw_i2s.h">
      <Filter>deps\sysinc</Filter>
    </ClInclude>
    <ClInclude Include="..\common\include\inc\hw_ints.h">
      <Filter>deps\sysinc</Filter>
    </ClInclude>
    <ClInclude Include="..\common\include\inc\hw_lpc.h">
      <Filter>deps\sysinc</Filter>
    </ClInclude>
    <ClInclude Include="..\common\include\inc\hw_memmap.h">
      <Filter>deps\sysinc</Filter>
    </ClInclude>
    <ClInclude Include="..\common\include\inc\hw_nvic.h">
      <Filter>deps\sysinc</Filter>
    </ClInclude>
    <ClInclude Include="..\common\include\inc\hw_peci.h">
      <Filter>deps\sysinc</Filter>
    </ClInclude>
    <ClInclude Include="..\common\include\inc\hw_pwm.h">
      <Filter>deps\sysinc</Filter>
    </ClInclude>
    <ClInclude Include="..\common\include\inc\hw_qei.h">
      <Filter>deps\sysinc</Filter>
    </ClInclude>
    <ClInclude Include="..\common\include\inc\hw_ssi.h">
      <Filter>deps\sysinc</Filter>
    </ClInclude>
    <ClInclude Include="..\common\include\inc\hw_sysctl.h">
      <Filter>deps\sysinc</Filter>
    </ClInclude>
    <ClInclude Include="..\common\include\inc\hw_sysexc.h">
      <Filter>deps\sysinc</Filter>
    </ClInclude>
    <ClInclude Include="..\common\include\inc\hw_timer.h">
      <Filter>deps\sysinc</Filter>
    </ClInclude>
    <ClInclude Include="..\common\include\inc\hw_types.h">
      <Filter>deps\sysinc</Filter>
    </ClInclude>
    <ClInclude Include="..\common\include\inc\hw_uart.h">
      <Filter>deps\sysinc</Filter>
    </ClInclude>
    <ClInclude Include="..\common\include\inc\hw_udma.h">
      <Filter>deps\sysinc</Filter>
    </ClInclude>
    <ClInclude Include="..\common\include\inc\hw_usb.h">
      <Filter>deps\sysinc</Filter>
    </ClInclude>
    <ClInclude Include="..\common\include\inc\hw_watchdog.h">
      <Filter>deps\sysinc</Filter>
    </ClInclude>
    <ClInclude Include="..\common\include\inc\c\iar_dlmalloc.h">
      <Filter>deps\sysinc</Filter>
    </ClInclude>
    <ClInclude Include="..\common\include\inc\c\iar_dynamic_init.h">
      <Filter>deps\sysinc</Filter>
    </ClInclude>
    <ClInclude Include="..\common\include\inc\c\intrinsics.h">
      <Filter>deps\sysinc</Filter>
    </ClInclude>
    <ClInclude Include="..\common\include\inc\c\inttypes.h">
      <Filter>deps\sysinc</Filter>
    </ClInclude>
    <ClInclude Include="..\common\include\inc\c\io_macros.h">
      <Filter>deps\sysinc</Filter>
    </ClInclude>
    <ClInclude Include="..\common\include\inc\c\iso646.h">
      <Filter>deps\sysinc</Filter>
    </ClInclude>
    <ClInclude Include="..\common\include\inc\c\limits.h">
      <Filter>deps\sysinc</Filter>
    </ClInclude>
    <ClInclude Include="..\common\include\inc\lm3s8962.h">
      <Filter>deps\sysinc</Filter>
    </ClInclude>
    <ClInclude Include="..\common\include\inc\c\locale.h">
      <Filter>deps\sysinc</Filter>
    </ClInclude>
    <ClInclude Include="..\common\include\inc\c\LowLevelIOInterface.h">
      <Filter>deps\sysinc</Filter>
    </ClInclude>
    <ClInclude Include="..\common\include\inc\c\math.h">
      <Filter>deps\sysinc</Filter>
    </ClInclude>
    <ClInclude Include="..\common\include\inc\c\setjmp.h">
      <Filter>deps\sysinc</Filter>
    </ClInclude>
    <ClInclude Include="..\common\include\inc\c\signal.h">
      <Filter>deps\sysinc</Filter>
    </ClInclude>
    <ClInclude Include="..\common\include\inc\c\stdalign.h">
      <Filter>deps\sysinc</Filter>
    </ClInclude>
    <ClInclude Include="..\common\include\inc\c\stdarg.h">
      <Filter>deps\sysinc</Filter>
    </ClInclude>
    <ClInclude Include="..\common\include\inc\c\stdatomic.h">
      <Filter>deps\sysinc</Filter>
    </ClInclude>
    <ClInclude Include="..\common\include\inc\c\stdbool.h">
      <Filter>deps\sysinc</Filter>
    </ClInclude>
    <ClInclude Include="..\common\include\inc\c\stddef.h">
      <Filter>deps\sysinc</Filter>
    </ClInclude>
    <ClInclude Include="..\common\include\inc\c\stdint.h">
      <Filter>deps\sysinc</Filter>
    </ClInclude>
    <ClInclude Include="..\common\include\inc\c\stdio.h">
      <Filter>deps\sysinc</Filter>
    </ClInclude>
    <ClInclude Include="..\common\include\inc\c\stdlib.h">
      <Filter>deps\sysinc</Filter>
    </ClInclude>
    <ClInclude Include="..\common\include\inc\c\stdnoreturn.h">
      <Filter>deps\sysinc</Filter>
    </ClInclude>
    <ClInclude Include="..\common\include\inc\c\string.h">
      <Filter>deps\sysinc</Filter>
    </ClInclude>
    <ClInclude Include="..\common\include\inc\c\target.h">
      <Filter>deps\sysinc</Filter>
    </ClInclude>
    <ClInclude Include="..\common\include\inc\c\tgmath.h">
      <Filter>deps\sysinc</Filter>
    </ClInclude>
    <ClInclude Include="..\common\include\inc\c\threads.h">
      <Filter>deps\sysinc</Filter>
    </ClInclude>
    <ClInclude Include="..\common\include\inc\c\time.h">
      <Filter>deps\sysinc</Filter>
    </ClInclude>
    <ClInclude Include="..\common\include\inc\c\time32.h">
      <Filter>deps\sysinc</Filter>
    </ClInclude>
    <ClInclude Include="..\common\include\inc\c\time64.h">
      <Filter>deps\sysinc</Filter>
    </ClInclude>
    <ClInclude Include="..\common\include\inc\c\uchar.h">
      <Filter>deps\sysinc</Filter>
    </ClInclude>
    <ClInclude Include="..\common\include\inc\c\wchar.h">
      <Filter>deps\sysinc</Filter>
    </ClInclude>
    <ClInclude Include="..\common\include\inc\c\wctype.h">
      <Filter>deps\sysinc</Filter>
    </ClInclude>
    <ClInclude Include="..\common\include\inc\c\xatomic.h">
      <Filter>deps\sysinc</Filter>
    </ClInclude>
    <ClInclude Include="..\common\include\inc\c\xctype.h">
      <Filter>deps\sysinc</Filter>
    </ClInclude>
    <ClInclude Include="..\common\include\inc\c\xlocale_alconv.h">
      <Filter>deps\sysinc</Filter>
    </ClInclude>
    <ClInclude Include="..\common\include\inc\c\xlocale_lconv.h">
      <Filter>deps\sysinc</Filter>
    </ClInclude>
    <ClInclude Include="..\common\include\inc\c\xtgmath.h">
      <Filter>deps\sysinc</Filter>
    </ClInclude>
    <ClInclude Include="..\common\include\inc\c\ycheck.h">
      <Filter>deps\sysinc</Filter>
    </ClInclude>
    <ClInclude Include="..\common\include\inc\c\yfuns.h">
      <Filter>deps\sysinc</Filter>
    </ClInclude>
    <ClInclude Include="..\common\include\inc\c\ysizet.h">
      <Filter>deps\sysinc</Filter>
    </ClInclude>
    <ClInclude Include="..\common\include\inc\c\yvals.h">
      <Filter>deps\sysinc</Filter>
    </ClInclude>
    <ClInclude Include="..\common\FreeRTOS\Source\include\mpu_wrappers.h">
      <Filter>deps\FreeRTOS\include</Filter>
    </ClInclude>
    <ClInclude Include="..\common\FreeRTOS\Source\include\portable.h">
      <Filter>deps\FreeRTOS\include</Filter>
    </ClInclude>
    <ClInclude Include="..\common\FreeRTOS\Source\include\projdefs.h">
      <Filter>deps\FreeRTOS\include</Filter>
    </ClInclude>
    <ClInclude Include="..\common\FreeRTOS\Source\include\queue.h">
      <Filter>deps\FreeRTOS\include</Filter>
    </ClInclude>
    <ClInclude Include="..\common\FreeRTOS\Source\include\semphr.h">
      <Filter>deps\FreeRTOS\include</Filter>
    </ClInclude>
    <ClInclude Include="..\common\FreeRTOS\Source\include\StackMacros.h">
      <Filter>deps\FreeRTOS\include</Filter>
    </ClInclude>
    <ClInclude Include="..\common\FreeRTOS\Source\include\task.h">
      <Filter>deps\FreeRTOS\include</Filter>
    </ClInclude>
    <ClInclude Include="..\common\FreeRTOS\Source\include\timers.h">
      <Filter>deps\FreeRTOS\include</Filter>
    </ClInclude>
    <ClInclude Include="..\common\FreeRTOS\Source\include\croutine.h">
      <Filter>deps\FreeRTOS\include</Filter>
    </ClInclude>
    <ClInclude Include="..\common\FreeRTOS\Source\include\deprecated_definitions.h">
      <Filter>deps\FreeRTOS\include</Filter>
    </ClInclude>
    <ClInclude Include="..\common\FreeRTOS\Source\include\event_groups.h">
      <Filter>deps\FreeRTOS\include</Filter>
    </ClInclude>
    <ClInclude Include="..\common\FreeRTOS\Source\include\FreeRTOS.h">
      <Filter>deps\FreeRTOS\include</Filter>
    </ClInclude>
    <ClInclude Include="..\common\FreeRTOS\Source\include\list.h">
      <Filter>deps\FreeRTOS\include</Filter>
    </ClInclude>
    <ClInclude Include="..\common\FreeRTOS\Source\include\mpu_prototypes.h">
      <Filter>deps\FreeRTOS\include</Filter>
    </ClInclude>
    <ClInclude Include="..\common\FreeRTOS-Plus\Source\FreeRTOS-Plus-TCP\include\FreeRTOS_Sockets.h">
      <Filter>deps\FreeRTOS-TCP\include</Filter>
    </ClInclude>
    <ClInclude Include="..\common\FreeRTOS-Plus\Source\FreeRTOS-Plus-TCP\include\FreeRTOS_Stream_Buffer.h">
      <Filter>deps\FreeRTOS-TCP\include</Filter>
    </ClInclude>
    <ClInclude Include="..\common\FreeRTOS-Plus\Source\FreeRTOS-Plus-TCP\include\FreeRTOS_TCP_IP.h">
      <Filter>deps\FreeRTOS-TCP\include</Filter>
    </ClInclude>
    <ClInclude Include="..\common\FreeRTOS-Plus\Source\FreeRTOS-Plus-TCP\include\FreeRTOS_TCP_WIN.h">
      <Filter>deps\FreeRTOS-TCP\include</Filter>
    </ClInclude>
    <ClInclude Include="..\common\FreeRTOS-Plus\Source\FreeRTOS-Plus-TCP\include\FreeRTOS_UDP_IP.h">
      <Filter>deps\FreeRTOS-TCP\include</Filter>
    </ClInclude>
    <ClInclude Include="..\common\FreeRTOS-Plus\Source\FreeRTOS-Plus-TCP\include\FreeRTOSIPConfigDefaults.h">
      <Filter>deps\FreeRTOS-TCP\include</Filter>
    </ClInclude>
    <ClInclude Include="..\common\FreeRTOS-Plus\Source\FreeRTOS-Plus-TCP\include\IPTraceMacroDefaults.h">
      <Filter>deps\FreeRTOS-TCP\include</Filter>
    </ClInclude>
    <ClInclude Include="..\common\FreeRTOS-Plus\Source\FreeRTOS-Plus-TCP\include\NetworkBufferManagement.h">
      <Filter>deps\FreeRTOS-TCP\include</Filter>
    </ClInclude>
    <ClInclude Include="..\common\FreeRTOS-Plus\Source\FreeRTOS-Plus-TCP\include\NetworkInterface.h">
      <Filter>deps\FreeRTOS-TCP\include</Filter>
    </ClInclude>
    <ClInclude Include="..\common\FreeRTOS-Plus\Source\FreeRTOS-Plus-TCP\include\FreeRTOS_ARP.h">
      <Filter>deps\FreeRTOS-TCP\include</Filter>
    </ClInclude>
    <ClInclude Include="..\common\FreeRTOS-Plus\Source\FreeRTOS-Plus-TCP\include\FreeRTOS_DHCP.h">
      <Filter>deps\FreeRTOS-TCP\include</Filter>
    </ClInclude>
    <ClInclude Include="..\common\FreeRTOS-Plus\Source\FreeRTOS-Plus-TCP\include\FreeRTOS_DNS.h">
      <Filter>deps\FreeRTOS-TCP\include</Filter>
    </ClInclude>
    <ClInclude Include="..\common\FreeRTOS-Plus\Source\FreeRTOS-Plus-TCP\include\FreeRTOS_errno_TCP.h">
      <Filter>deps\FreeRTOS-TCP\include</Filter>
    </ClInclude>
    <ClInclude Include="..\common\FreeRTOS-Plus\Source\FreeRTOS-Plus-TCP\include\FreeRTOS_IP.h">
      <Filter>deps\FreeRTOS-TCP\include</Filter>
    </ClInclude>
    <ClInclude Include="..\common\FreeRTOS-Plus\Source\FreeRTOS-Plus-TCP\include\FreeRTOS_IP_Private.h">
      <Filter>deps\FreeRTOS-TCP\include</Filter>
    </ClInclude>
    <ClInclude Include="include\utils\sockcmdline.h">
      <Filter>includes\utils</Filter>
    </ClInclude>
    <ClInclude Include="include\utils\lcd_print.h">
      <Filter>includes\utils</Filter>
    </ClInclude>
    <ClInclude Include="include\types.h">
      <Filter>includes</Filter>
    </ClInclude>
    <ClInclude Include="include\utils\speaker_control.h">
      <Filter>includes\utils</Filter>
    </ClInclude>
    <ClInclude Include="include\tasks\system.h">
      <Filter>includes\tasks</Filter>
    </ClInclude>
    <ClInclude Include="include\tasks\commands.h">
      <Filter>includes\tasks</Filter>
    </ClInclude>
    <ClInclude Include="..\common\FreeRTOS-Plus\Source\FreeRTOS-Plus-TCP\portable\Compiler\MSVC\pack_struct_start.h">
      <Filter>deps\FreeRTOS-TCP\include</Filter>
    </ClInclude>
    <ClInclude Include="..\common\FreeRTOS-Plus\Source\FreeRTOS-Plus-TCP\portable\Compiler\MSVC\pack_struct_end.h">
      <Filter>deps\FreeRTOS-TCP\include</Filter>
    </ClInclude>
    <ClInclude Include="..\common\FreeRTOS\Source\portable\MSVC-MingW\portmacro.h">
      <Filter>deps\FreeRTOS\include</Filter>
    </ClInclude>
  </ItemGroup>
  <ItemGroup>
    <Filter Include="tasks">
      <UniqueIdentifier>{82f59610-3f41-4fe6-89fa-11141eef68b3}</UniqueIdentifier>
    </Filter>
    <Filter Include="includes">
      <UniqueIdentifier>{b4e0d3f7-2b3b-42e8-bb75-b2313abcfc1b}</UniqueIdentifier>
      <Extensions>*.h</Extensions>
    </Filter>
    <Filter Include="includes\utils">
      <UniqueIdentifier>{00f61416-5cd7-420f-b25e-99baa2bd2178}</UniqueIdentifier>
    </Filter>
    <Filter Include="utils">
      <UniqueIdentifier>{1bc923d6-d04b-4881-95ef-36d81efe6f4e}</UniqueIdentifier>
    </Filter>
    <Filter Include="deps">
      <UniqueIdentifier>{16b36428-d727-4039-8545-c03a440f8a32}</UniqueIdentifier>
    </Filter>
    <Filter Include="deps\driverlib">
      <UniqueIdentifier>{78a4fae1-ce96-4239-acba-a34e11711cf1}</UniqueIdentifier>
    </Filter>
    <Filter Include="deps\sysutils">
      <UniqueIdentifier>{ee0d1242-affa-4ecf-a3b2-71a4c6bcd528}</UniqueIdentifier>
    </Filter>
    <Filter Include="deps\FreeRTOS">
      <UniqueIdentifier>{9bd6a281-8fd7-4975-9d40-807f72489e20}</UniqueIdentifier>
    </Filter>
    <Filter Include="deps\FreeRTOS-TCP">
      <UniqueIdentifier>{d5b160cc-b5d0-488d-8923-f8395fb32679}</UniqueIdentifier>
    </Filter>
    <Filter Include="deps\sysinc">
      <UniqueIdentifier>{a7938eee-18f8-4230-b187-b515c2e0fb6c}</UniqueIdentifier>
    </Filter>
    <Filter Include="deps\FreeRTOS\include">
      <UniqueIdentifier>{4bae6cd5-4bdb-48a6-880b-85d785f272a0}</UniqueIdentifier>
    </Filter>
    <Filter Include="deps\FreeRTOS-TCP\include">
      <UniqueIdentifier>{8634c6b7-0077-47cc-b1e3-b24033f585c4}</UniqueIdentifier>
    </Filter>
    <Filter Include="includes\tasks">
      <UniqueIdentifier>{6e050bd0-f697-487a-bd27-1945f27dc709}</UniqueIdentifier>
    </Filter>
    <Filter Include="deps\FreeRTOS\portable">
      <UniqueIdentifier>{b30b2dc6-da53-4353-a0ff-b4146c88d7f3}</UniqueIdentifier>
    </Filter>
    <Filter Include="deps\FreeRTOS-TCP\portable">
      <UniqueIdentifier>{44193392-cfc6-4f5b-a143-25462880b7b5}</UniqueIdentifier>
    </Filter>
  </ItemGroup>
  <ItemGroup>
    <Text Include="..\common\include\driverlib\readme.txt">
      <Filter>deps\driverlib</Filter>
    </Text>
  </ItemGroup>
</Project>